{
    "name": "@artela-next/web3-core",
    "version": "1.9.22",
    "lockfileVersion": 1,
    "requires": true,
    "dependencies": {
        "@types/node": {
            "version": "12.20.55",
            "resolved": "https://registry.npmjs.org/@types/node/-/node-12.20.55.tgz",
            "integrity": "sha512-J8xLz7q2OFulZ2cyGTLE1TbbZcjpno7FaN6zdJNrgAdrJ+DZzh/uFR6YrTb4C+nXakvud8Q4+rbhoIWlYQbUFQ=="
        },
        "bignumber.js": {
            "version": "9.1.2",
            "resolved": "https://registry.npmjs.org/bignumber.js/-/bignumber.js-9.1.2.tgz",
            "integrity": "sha512-2/mKyZH9K85bzOEfhXDBFZTGd1CTs+5IHpeFQo9luiBG7hghdC851Pj2WAhb6E3R6b9tZj/XKhbg4fum+Kepug=="
        }
    }
}
